
Microsoft Visual Studio Solution File, Format Version 12.00
# Visual Studio Version 16
VisualStudioVersion = 16.0.30611.23
MinimumVisualStudioVersion = 10.0.40219.1
Project("{FAE04EC0-301F-11D3-BF4B-00C04F79EFBC}") = "chz.WindowsServices", "chz.WindowsServices\chz.WindowsServices.csproj", "{1D58F9D5-5AC9-4935-961E-D575CE0481B1}"
EndProject
Project("{2150E333-8FDC-42A3-9474-1A3956D46DE8}") = "WindowsService", "WindowsService", "{10994C1C-6FA1-47C4-BCAF-F9D7C3A136AD}"
EndProject
Project("{2150E333-8FDC-42A3-9474-1A3956D46DE8}") = "Infrastructure", "Infrastructure", "{19100060-84D5-4C88-B556-A7E7DC0E796A}"
EndProject
Project("{FAE04EC0-301F-11D3-BF4B-00C04F79EFBC}") = "commoni.Common", "commoni.Common\commoni.Common.csproj", "{FE87DC90-EABA-486C-B282-24655DA70F58}"
EndProject
Project("{FAE04EC0-301F-11D3-BF4B-00C04F79EFBC}") = "chz.WindowsServices.UnloadDocument", "chz.WindowsServices.UnloadDocument\chz.WindowsServices.UnloadDocument.csproj", "{1FFF39DF-CC66-4579-B2A9-3AFD4C2DA1D5}"
EndProject
Project("{FAE04EC0-301F-11D3-BF4B-00C04F79EFBC}") = "commoni.Cryptography", "commoni.Cryptography\commoni.Cryptography.csproj", "{8B15FF56-D4A5-4F0C-B93D-22C6071009A0}"
EndProject
Project("{FAE04EC0-301F-11D3-BF4B-00C04F79EFBC}") = "commoni.Infrastructure", "commoni.Infrastructure\commoni.Infrastructure.csproj", "{DD5C9640-6D75-4D97-B37C-0598ED3A920E}"
EndProject
Project("{FAE04EC0-301F-11D3-BF4B-00C04F79EFBC}") = "chz.WindowsServices.LoadDocument", "chz.WindowsServices.LoadDocument\chz.WindowsServices.LoadDocument.csproj", "{7D1AEAE5-14E8-42EB-8BFF-E71ACE31B396}"
EndProject
Project("{FAE04EC0-301F-11D3-BF4B-00C04F79EFBC}") = "chz.WindowsServices.RequestService", "chz.WindowsServices.RequestService\chz.WindowsServices.RequestService.csproj", "{43001598-B277-4043-B391-2FE0E77B95A8}"
EndProject
Project("{2150E333-8FDC-42A3-9474-1A3956D46DE8}") = "DataAccess", "DataAccess", "{208D145F-7104-4F7F-B7C3-9CE8DF4BCBD9}"
EndProject
Project("{FAE04EC0-301F-11D3-BF4B-00C04F79EFBC}") = "chz.DataAccess", "chz.DataAccess\chz.DataAccess.csproj", "{75F5BBEB-79E9-4069-A237-BCB9CCFBBEBF}"
EndProject
Project("{FAE04EC0-301F-11D3-BF4B-00C04F79EFBC}") = "chz.DataAccess.DirectoryLoader", "chz.DataAccess.DirectoryLoader\chz.DataAccess.DirectoryLoader.csproj", "{78E31DCF-F2CA-4E3C-BDDD-97E7EDBB7102}"
EndProject
Project("{FAE04EC0-301F-11D3-BF4B-00C04F79EFBC}") = "chz.DataAccess.LoadDocument", "chz.DataAccess.LoadDocument\chz.DataAccess.LoadDocument.csproj", "{B286CBA5-A2DF-4882-888B-B3DCFCD3D385}"
EndProject
Project("{FAE04EC0-301F-11D3-BF4B-00C04F79EFBC}") = "chz.DataAccess.UnloadDocument", "chz.DataAccess.UnloadDocument\chz.DataAccess.UnloadDocument.csproj", "{AC6F51DD-257E-4B24-AA0F-FF2E74269ECE}"
EndProject
Project("{2150E333-8FDC-42A3-9474-1A3956D46DE8}") = "Client", "Client", "{8ADF88A3-EFF2-4DAE-BD44-85C6A8BD2977}"
EndProject
Project("{FAE04EC0-301F-11D3-BF4B-00C04F79EFBC}") = "chz.WebApiClient", "chz.WebApiClient\chz.WebApiClient.csproj", "{93E04B05-A21F-4843-8F61-6FD5E26E950C}"
EndProject
Project("{FAE04EC0-301F-11D3-BF4B-00C04F79EFBC}") = "chz.Client", "chz.Client\chz.Client.csproj", "{BE4FDAC7-3F47-4C6E-B739-8DC2FF42DBEF}"
EndProject
Project("{FAE04EC0-301F-11D3-BF4B-00C04F79EFBC}") = "chz.Client.DirectoryLoader", "chz.Client.DirectoryLoader\chz.Client.DirectoryLoader.csproj", "{77EBF3E2-D66E-4FDC-B33E-53446180BB04}"
EndProject
Project("{FAE04EC0-301F-11D3-BF4B-00C04F79EFBC}") = "chz.Client.LoadDocument", "chz.Client.LoadDocument\chz.Client.LoadDocument.csproj", "{0698643A-B587-4ABB-93C3-E8C6BCE31628}"
EndProject
Project("{FAE04EC0-301F-11D3-BF4B-00C04F79EFBC}") = "chz.Client.UnloadDocument", "chz.Client.UnloadDocument\chz.Client.UnloadDocument.csproj", "{6672C6F8-742B-4B85-B56A-AC201E0C0347}"
EndProject
Project("{2150E333-8FDC-42A3-9474-1A3956D46DE8}") = "Host", "Host", "{616D10F6-C4BB-4EB8-9260-1913CAB65C9F}"
EndProject
Project("{FAE04EC0-301F-11D3-BF4B-00C04F79EFBC}") = "chz.WindowsServices.Host", "chz.WindowsServices.Host\chz.WindowsServices.Host.csproj", "{154B9CCE-7568-4936-AF07-AE86F66C4222}"
EndProject
Project("{FAE04EC0-301F-11D3-BF4B-00C04F79EFBC}") = "ConsoleServiceTest", "ConsoleServiceTest\ConsoleServiceTest.csproj", "{44EE5D57-5AC5-4DFB-AFAD-2F80434A4254}"
EndProject
Project("{FAE04EC0-301F-11D3-BF4B-00C04F79EFBC}") = "chz.DataAccess.ServiceLog", "chz.DataAccess.ServiceLog\chz.DataAccess.ServiceLog.csproj", "{5C2EF8A8-E419-4C1C-B531-8B36281F3818}"
EndProject
Project("{FAE04EC0-301F-11D3-BF4B-00C04F79EFBC}") = "commoni.Setting", "commoni.Setting\commoni.Setting.csproj", "{7A03128F-1B22-42EE-A696-667A5C51A5E6}"
EndProject
Project("{FAE04EC0-301F-11D3-BF4B-00C04F79EFBC}") = "chz.WindowsServices.ThisLoadDocument", "chz.WindowsServices.ThisLoadDocument\chz.WindowsServices.ThisLoadDocument.csproj", "{D3A5F9AA-2F20-4C01-9AC9-B357B7F60383}"
EndProject
Project("{FAE04EC0-301F-11D3-BF4B-00C04F79EFBC}") = "chz.DataAccess.ThisLoadDocument", "chz.DataAccess.ThisLoadDocument\chz.DataAccess.ThisLoadDocument.csproj", "{07C5F1E4-EAE2-455C-89DC-AFE222C7AFE8}"
EndProject
Project("{FAE04EC0-301F-11D3-BF4B-00C04F79EFBC}") = "chz.Client.ThisLoadDocument", "chz.Client.ThisLoadDocument\chz.Client.ThisLoadDocument.csproj", "{881E02A8-9EDC-4E57-9063-942F4E242622}"
EndProject
Global
	GlobalSection(SolutionConfigurationPlatforms) = preSolution
		Debug|Any CPU = Debug|Any CPU
		Release|Any CPU = Release|Any CPU
	EndGlobalSection
	GlobalSection(ProjectConfigurationPlatforms) = postSolution
		{1D58F9D5-5AC9-4935-961E-D575CE0481B1}.Debug|Any CPU.ActiveCfg = Debug|Any CPU
		{1D58F9D5-5AC9-4935-961E-D575CE0481B1}.Debug|Any CPU.Build.0 = Debug|Any CPU
		{1D58F9D5-5AC9-4935-961E-D575CE0481B1}.Release|Any CPU.ActiveCfg = Release|Any CPU
		{1D58F9D5-5AC9-4935-961E-D575CE0481B1}.Release|Any CPU.Build.0 = Release|Any CPU
		{FE87DC90-EABA-486C-B282-24655DA70F58}.Debug|Any CPU.ActiveCfg = Debug|Any CPU
		{FE87DC90-EABA-486C-B282-24655DA70F58}.Debug|Any CPU.Build.0 = Debug|Any CPU
		{FE87DC90-EABA-486C-B282-24655DA70F58}.Release|Any CPU.ActiveCfg = Release|Any CPU
		{FE87DC90-EABA-486C-B282-24655DA70F58}.Release|Any CPU.Build.0 = Release|Any CPU
		{1FFF39DF-CC66-4579-B2A9-3AFD4C2DA1D5}.Debug|Any CPU.ActiveCfg = Debug|Any CPU
		{1FFF39DF-CC66-4579-B2A9-3AFD4C2DA1D5}.Debug|Any CPU.Build.0 = Debug|Any CPU
		{1FFF39DF-CC66-4579-B2A9-3AFD4C2DA1D5}.Release|Any CPU.ActiveCfg = Release|Any CPU
		{1FFF39DF-CC66-4579-B2A9-3AFD4C2DA1D5}.Release|Any CPU.Build.0 = Release|Any CPU
		{8B15FF56-D4A5-4F0C-B93D-22C6071009A0}.Debug|Any CPU.ActiveCfg = Debug|Any CPU
		{8B15FF56-D4A5-4F0C-B93D-22C6071009A0}.Debug|Any CPU.Build.0 = Debug|Any CPU
		{8B15FF56-D4A5-4F0C-B93D-22C6071009A0}.Release|Any CPU.ActiveCfg = Release|Any CPU
		{8B15FF56-D4A5-4F0C-B93D-22C6071009A0}.Release|Any CPU.Build.0 = Release|Any CPU
		{DD5C9640-6D75-4D97-B37C-0598ED3A920E}.Debug|Any CPU.ActiveCfg = Debug|Any CPU
		{DD5C9640-6D75-4D97-B37C-0598ED3A920E}.Debug|Any CPU.Build.0 = Debug|Any CPU
		{DD5C9640-6D75-4D97-B37C-0598ED3A920E}.Release|Any CPU.ActiveCfg = Release|Any CPU
		{DD5C9640-6D75-4D97-B37C-0598ED3A920E}.Release|Any CPU.Build.0 = Release|Any CPU
		{7D1AEAE5-14E8-42EB-8BFF-E71ACE31B396}.Debug|Any CPU.ActiveCfg = Debug|Any CPU
		{7D1AEAE5-14E8-42EB-8BFF-E71ACE31B396}.Debug|Any CPU.Build.0 = Debug|Any CPU
		{7D1AEAE5-14E8-42EB-8BFF-E71ACE31B396}.Release|Any CPU.ActiveCfg = Release|Any CPU
		{7D1AEAE5-14E8-42EB-8BFF-E71ACE31B396}.Release|Any CPU.Build.0 = Release|Any CPU
		{43001598-B277-4043-B391-2FE0E77B95A8}.Debug|Any CPU.ActiveCfg = Debug|Any CPU
		{43001598-B277-4043-B391-2FE0E77B95A8}.Debug|Any CPU.Build.0 = Debug|Any CPU
		{43001598-B277-4043-B391-2FE0E77B95A8}.Release|Any CPU.ActiveCfg = Release|Any CPU
		{43001598-B277-4043-B391-2FE0E77B95A8}.Release|Any CPU.Build.0 = Release|Any CPU
		{75F5BBEB-79E9-4069-A237-BCB9CCFBBEBF}.Debug|Any CPU.ActiveCfg = Debug|Any CPU
		{75F5BBEB-79E9-4069-A237-BCB9CCFBBEBF}.Debug|Any CPU.Build.0 = Debug|Any CPU
		{75F5BBEB-79E9-4069-A237-BCB9CCFBBEBF}.Release|Any CPU.ActiveCfg = Release|Any CPU
		{75F5BBEB-79E9-4069-A237-BCB9CCFBBEBF}.Release|Any CPU.Build.0 = Release|Any CPU
		{78E31DCF-F2CA-4E3C-BDDD-97E7EDBB7102}.Debug|Any CPU.ActiveCfg = Debug|Any CPU
		{78E31DCF-F2CA-4E3C-BDDD-97E7EDBB7102}.Debug|Any CPU.Build.0 = Debug|Any CPU
		{78E31DCF-F2CA-4E3C-BDDD-97E7EDBB7102}.Release|Any CPU.ActiveCfg = Release|Any CPU
		{78E31DCF-F2CA-4E3C-BDDD-97E7EDBB7102}.Release|Any CPU.Build.0 = Release|Any CPU
		{B286CBA5-A2DF-4882-888B-B3DCFCD3D385}.Debug|Any CPU.ActiveCfg = Debug|Any CPU
		{B286CBA5-A2DF-4882-888B-B3DCFCD3D385}.Debug|Any CPU.Build.0 = Debug|Any CPU
		{B286CBA5-A2DF-4882-888B-B3DCFCD3D385}.Release|Any CPU.ActiveCfg = Release|Any CPU
		{B286CBA5-A2DF-4882-888B-B3DCFCD3D385}.Release|Any CPU.Build.0 = Release|Any CPU
		{AC6F51DD-257E-4B24-AA0F-FF2E74269ECE}.Debug|Any CPU.ActiveCfg = Debug|Any CPU
		{AC6F51DD-257E-4B24-AA0F-FF2E74269ECE}.Debug|Any CPU.Build.0 = Debug|Any CPU
		{AC6F51DD-257E-4B24-AA0F-FF2E74269ECE}.Release|Any CPU.ActiveCfg = Release|Any CPU
		{AC6F51DD-257E-4B24-AA0F-FF2E74269ECE}.Release|Any CPU.Build.0 = Release|Any CPU
		{93E04B05-A21F-4843-8F61-6FD5E26E950C}.Debug|Any CPU.ActiveCfg = Debug|Any CPU
		{93E04B05-A21F-4843-8F61-6FD5E26E950C}.Debug|Any CPU.Build.0 = Debug|Any CPU
		{93E04B05-A21F-4843-8F61-6FD5E26E950C}.Release|Any CPU.ActiveCfg = Release|Any CPU
		{93E04B05-A21F-4843-8F61-6FD5E26E950C}.Release|Any CPU.Build.0 = Release|Any CPU
		{BE4FDAC7-3F47-4C6E-B739-8DC2FF42DBEF}.Debug|Any CPU.ActiveCfg = Debug|Any CPU
		{BE4FDAC7-3F47-4C6E-B739-8DC2FF42DBEF}.Debug|Any CPU.Build.0 = Debug|Any CPU
		{BE4FDAC7-3F47-4C6E-B739-8DC2FF42DBEF}.Release|Any CPU.ActiveCfg = Release|Any CPU
		{BE4FDAC7-3F47-4C6E-B739-8DC2FF42DBEF}.Release|Any CPU.Build.0 = Release|Any CPU
		{77EBF3E2-D66E-4FDC-B33E-53446180BB04}.Debug|Any CPU.ActiveCfg = Debug|Any CPU
		{77EBF3E2-D66E-4FDC-B33E-53446180BB04}.Debug|Any CPU.Build.0 = Debug|Any CPU
		{77EBF3E2-D66E-4FDC-B33E-53446180BB04}.Release|Any CPU.ActiveCfg = Release|Any CPU
		{77EBF3E2-D66E-4FDC-B33E-53446180BB04}.Release|Any CPU.Build.0 = Release|Any CPU
		{0698643A-B587-4ABB-93C3-E8C6BCE31628}.Debug|Any CPU.ActiveCfg = Debug|Any CPU
		{0698643A-B587-4ABB-93C3-E8C6BCE31628}.Debug|Any CPU.Build.0 = Debug|Any CPU
		{0698643A-B587-4ABB-93C3-E8C6BCE31628}.Release|Any CPU.ActiveCfg = Release|Any CPU
		{0698643A-B587-4ABB-93C3-E8C6BCE31628}.Release|Any CPU.Build.0 = Release|Any CPU
		{6672C6F8-742B-4B85-B56A-AC201E0C0347}.Debug|Any CPU.ActiveCfg = Debug|Any CPU
		{6672C6F8-742B-4B85-B56A-AC201E0C0347}.Debug|Any CPU.Build.0 = Debug|Any CPU
		{6672C6F8-742B-4B85-B56A-AC201E0C0347}.Release|Any CPU.ActiveCfg = Release|Any CPU
		{6672C6F8-742B-4B85-B56A-AC201E0C0347}.Release|Any CPU.Build.0 = Release|Any CPU
		{154B9CCE-7568-4936-AF07-AE86F66C4222}.Debug|Any CPU.ActiveCfg = Debug|Any CPU
		{154B9CCE-7568-4936-AF07-AE86F66C4222}.Debug|Any CPU.Build.0 = Debug|Any CPU
		{154B9CCE-7568-4936-AF07-AE86F66C4222}.Release|Any CPU.ActiveCfg = Release|Any CPU
		{154B9CCE-7568-4936-AF07-AE86F66C4222}.Release|Any CPU.Build.0 = Release|Any CPU
		{44EE5D57-5AC5-4DFB-AFAD-2F80434A4254}.Debug|Any CPU.ActiveCfg = Debug|Any CPU
		{44EE5D57-5AC5-4DFB-AFAD-2F80434A4254}.Debug|Any CPU.Build.0 = Debug|Any CPU
		{44EE5D57-5AC5-4DFB-AFAD-2F80434A4254}.Release|Any CPU.ActiveCfg = Release|Any CPU
		{44EE5D57-5AC5-4DFB-AFAD-2F80434A4254}.Release|Any CPU.Build.0 = Release|Any CPU
		{5C2EF8A8-E419-4C1C-B531-8B36281F3818}.Debug|Any CPU.ActiveCfg = Debug|Any CPU
		{5C2EF8A8-E419-4C1C-B531-8B36281F3818}.Debug|Any CPU.Build.0 = Debug|Any CPU
		{5C2EF8A8-E419-4C1C-B531-8B36281F3818}.Release|Any CPU.ActiveCfg = Release|Any CPU
		{5C2EF8A8-E419-4C1C-B531-8B36281F3818}.Release|Any CPU.Build.0 = Release|Any CPU
		{7A03128F-1B22-42EE-A696-667A5C51A5E6}.Debug|Any CPU.ActiveCfg = Debug|Any CPU
		{7A03128F-1B22-42EE-A696-667A5C51A5E6}.Debug|Any CPU.Build.0 = Debug|Any CPU
		{7A03128F-1B22-42EE-A696-667A5C51A5E6}.Release|Any CPU.ActiveCfg = Release|Any CPU
		{7A03128F-1B22-42EE-A696-667A5C51A5E6}.Release|Any CPU.Build.0 = Release|Any CPU
		{D3A5F9AA-2F20-4C01-9AC9-B357B7F60383}.Debug|Any CPU.ActiveCfg = Debug|Any CPU
		{D3A5F9AA-2F20-4C01-9AC9-B357B7F60383}.Debug|Any CPU.Build.0 = Debug|Any CPU
		{D3A5F9AA-2F20-4C01-9AC9-B357B7F60383}.Release|Any CPU.ActiveCfg = Release|Any CPU
		{D3A5F9AA-2F20-4C01-9AC9-B357B7F60383}.Release|Any CPU.Build.0 = Release|Any CPU
		{07C5F1E4-EAE2-455C-89DC-AFE222C7AFE8}.Debug|Any CPU.ActiveCfg = Debug|Any CPU
		{07C5F1E4-EAE2-455C-89DC-AFE222C7AFE8}.Debug|Any CPU.Build.0 = Debug|Any CPU
		{07C5F1E4-EAE2-455C-89DC-AFE222C7AFE8}.Release|Any CPU.ActiveCfg = Release|Any CPU
		{07C5F1E4-EAE2-455C-89DC-AFE222C7AFE8}.Release|Any CPU.Build.0 = Release|Any CPU
		{881E02A8-9EDC-4E57-9063-942F4E242622}.Debug|Any CPU.ActiveCfg = Debug|Any CPU
		{881E02A8-9EDC-4E57-9063-942F4E242622}.Debug|Any CPU.Build.0 = Debug|Any CPU
		{881E02A8-9EDC-4E57-9063-942F4E242622}.Release|Any CPU.ActiveCfg = Release|Any CPU
		{881E02A8-9EDC-4E57-9063-942F4E242622}.Release|Any CPU.Build.0 = Release|Any CPU
	EndGlobalSection
	GlobalSection(SolutionProperties) = preSolution
		HideSolutionNode = FALSE
	EndGlobalSection
	GlobalSection(NestedProjects) = preSolution
		{1D58F9D5-5AC9-4935-961E-D575CE0481B1} = {10994C1C-6FA1-47C4-BCAF-F9D7C3A136AD}
		{FE87DC90-EABA-486C-B282-24655DA70F58} = {19100060-84D5-4C88-B556-A7E7DC0E796A}
		{1FFF39DF-CC66-4579-B2A9-3AFD4C2DA1D5} = {10994C1C-6FA1-47C4-BCAF-F9D7C3A136AD}
		{8B15FF56-D4A5-4F0C-B93D-22C6071009A0} = {19100060-84D5-4C88-B556-A7E7DC0E796A}
		{DD5C9640-6D75-4D97-B37C-0598ED3A920E} = {19100060-84D5-4C88-B556-A7E7DC0E796A}
		{7D1AEAE5-14E8-42EB-8BFF-E71ACE31B396} = {10994C1C-6FA1-47C4-BCAF-F9D7C3A136AD}
		{43001598-B277-4043-B391-2FE0E77B95A8} = {10994C1C-6FA1-47C4-BCAF-F9D7C3A136AD}
		{75F5BBEB-79E9-4069-A237-BCB9CCFBBEBF} = {208D145F-7104-4F7F-B7C3-9CE8DF4BCBD9}
		{78E31DCF-F2CA-4E3C-BDDD-97E7EDBB7102} = {208D145F-7104-4F7F-B7C3-9CE8DF4BCBD9}
		{B286CBA5-A2DF-4882-888B-B3DCFCD3D385} = {208D145F-7104-4F7F-B7C3-9CE8DF4BCBD9}
		{AC6F51DD-257E-4B24-AA0F-FF2E74269ECE} = {208D145F-7104-4F7F-B7C3-9CE8DF4BCBD9}
		{93E04B05-A21F-4843-8F61-6FD5E26E950C} = {8ADF88A3-EFF2-4DAE-BD44-85C6A8BD2977}
		{BE4FDAC7-3F47-4C6E-B739-8DC2FF42DBEF} = {8ADF88A3-EFF2-4DAE-BD44-85C6A8BD2977}
		{77EBF3E2-D66E-4FDC-B33E-53446180BB04} = {8ADF88A3-EFF2-4DAE-BD44-85C6A8BD2977}
		{0698643A-B587-4ABB-93C3-E8C6BCE31628} = {8ADF88A3-EFF2-4DAE-BD44-85C6A8BD2977}
		{6672C6F8-742B-4B85-B56A-AC201E0C0347} = {8ADF88A3-EFF2-4DAE-BD44-85C6A8BD2977}
		{154B9CCE-7568-4936-AF07-AE86F66C4222} = {616D10F6-C4BB-4EB8-9260-1913CAB65C9F}
		{5C2EF8A8-E419-4C1C-B531-8B36281F3818} = {208D145F-7104-4F7F-B7C3-9CE8DF4BCBD9}
		{7A03128F-1B22-42EE-A696-667A5C51A5E6} = {19100060-84D5-4C88-B556-A7E7DC0E796A}
		{D3A5F9AA-2F20-4C01-9AC9-B357B7F60383} = {10994C1C-6FA1-47C4-BCAF-F9D7C3A136AD}
		{07C5F1E4-EAE2-455C-89DC-AFE222C7AFE8} = {208D145F-7104-4F7F-B7C3-9CE8DF4BCBD9}
		{881E02A8-9EDC-4E57-9063-942F4E242622} = {8ADF88A3-EFF2-4DAE-BD44-85C6A8BD2977}
	EndGlobalSection
	GlobalSection(ExtensibilityGlobals) = postSolution
		SolutionGuid = {D65098F2-2CD7-4A00-8529-819D5A015231}
	EndGlobalSection
EndGlobal
